github.com/joho/godotenv v1.5.1 h1:7eLL/+HRGLY0ldzfGMeQkb7vMd0as4CfYvUVzLqw0N0=
github.com/joho/godotenv v1.5.1/go.mod h1:f4LDr5Voq0i2e/R5DDNOoa2zzDfwtkZa6DnEwAbqwq4=
github.com/mkmik/argsort v1.1.0 h1:+L/3fsTV3cf+rwWeVCJGH8mn3SI4zmi3e9KW2SbEBPI=
github.com/mkmik/argsort v1.1.0/go.mod h1:p7hnzFvQ7+BTf9C0IvBxJhd+EakmJntn5NFpzFDw4Do=
